
Microsoft Visual Studio Solution File, Format Version 12.00
# Visual Studio Version 17
VisualStudioVersion = 17.3.32929.385
MinimumVisualStudioVersion = 10.0.40219.1
Project("{FAE04EC0-301F-11D3-BF4B-00C04F79EFBC}") = "WebProject", "WebProject\WebProject.csproj", "{FEC1420F-7345-481F-BCB5-A577DA3202D6}"
EndProject
Global
	GlobalSection(SolutionConfigurationPlatforms) = preSolution
		Debug|Any CPU = Debug|Any CPU
		Release|Any CPU = Release|Any CPU
	EndGlobalSection
	GlobalSection(ProjectConfigurationPlatforms) = postSolution
		{FEC1420F-7345-481F-BCB5-A577DA3202D6}.Debug|Any CPU.ActiveCfg = Debug|Any CPU
		{FEC1420F-7345-481F-BCB5-A577DA3202D6}.Debug|Any CPU.Build.0 = Debug|Any CPU
		{FEC1420F-7345-481F-BCB5-A577DA3202D6}.Release|Any CPU.ActiveCfg = Release|Any CPU
		{FEC1420F-7345-481F-BCB5-A577DA3202D6}.Release|Any CPU.Build.0 = Release|Any CPU
	EndGlobalSection
	GlobalSection(SolutionProperties) = preSolution
		HideSolutionNode = FALSE
	EndGlobalSection
	GlobalSection(ExtensibilityGlobals) = postSolution
		SolutionGuid = {3BBBCFA2-8A69-44C4-A443-136DDCB4C850}
	EndGlobalSection
EndGlobal
